
Microsoft Visual Studio Solution File, Format Version 12.00
# Visual Studio Version 16
VisualStudioVersion = 16.0.29230.47
MinimumVisualStudioVersion = 10.0.40219.1
Project("{FAE04EC0-301F-11D3-BF4B-00C04F79EFBC}") = "OOP Assignment - Server", "OOP Assignment - Server.csproj", "{AD1F7A5E-809A-4554-BA90-B297B5E6F330}"
EndProject
Global
	GlobalSection(SolutionConfigurationPlatforms) = preSolution
		Debug|Any CPU = Debug|Any CPU
		Release|Any CPU = Release|Any CPU
	EndGlobalSection
	GlobalSection(ProjectConfigurationPlatforms) = postSolution
		{AD1F7A5E-809A-4554-BA90-B297B5E6F330}.Debug|Any CPU.ActiveCfg = Debug|Any CPU
		{AD1F7A5E-809A-4554-BA90-B297B5E6F330}.Debug|Any CPU.Build.0 = Debug|Any CPU
		{AD1F7A5E-809A-4554-BA90-B297B5E6F330}.Release|Any CPU.ActiveCfg = Release|Any CPU
		{AD1F7A5E-809A-4554-BA90-B297B5E6F330}.Release|Any CPU.Build.0 = Release|Any CPU
	EndGlobalSection
	GlobalSection(SolutionProperties) = preSolution
		HideSolutionNode = FALSE
	EndGlobalSection
	GlobalSection(ExtensibilityGlobals) = postSolution
		SolutionGuid = {64B5DC89-F639-47E0-A030-EBB74E995442}
	EndGlobalSection
EndGlobal
